
Microsoft Visual Studio Solution File, Format Version 12.00
# Visual Studio 2013
VisualStudioVersion = 12.0.31101.0
MinimumVisualStudioVersion = 10.0.40219.1
Project("{FAE04EC0-301F-11D3-BF4B-00C04F79EFBC}") = "jenkins-dotnet", "jenkins-dotnet\jenkins-dotnet.csproj", "{FE92F4D4-843B-4040-8860-584F6C4CD76D}"
EndProject
Project("{FAE04EC0-301F-11D3-BF4B-00C04F79EFBC}") = "jenkins-dotnet.test", "jenkins-dotnet.test\jenkins-dotnet.test.csproj", "{8802A1E1-CFE7-4947-BB7A-7757BC1AAE07}"
EndProject
Global
	GlobalSection(SolutionConfigurationPlatforms) = preSolution
		Debug|Any CPU = Debug|Any CPU
		Release|Any CPU = Release|Any CPU
	EndGlobalSection
	GlobalSection(ProjectConfigurationPlatforms) = postSolution
		{FE92F4D4-843B-4040-8860-584F6C4CD76D}.Debug|Any CPU.ActiveCfg = Debug|Any CPU
		{FE92F4D4-843B-4040-8860-584F6C4CD76D}.Debug|Any CPU.Build.0 = Debug|Any CPU
		{FE92F4D4-843B-4040-8860-584F6C4CD76D}.Release|Any CPU.ActiveCfg = Release|Any CPU
		{FE92F4D4-843B-4040-8860-584F6C4CD76D}.Release|Any CPU.Build.0 = Release|Any CPU
		{8802A1E1-CFE7-4947-BB7A-7757BC1AAE07}.Debug|Any CPU.ActiveCfg = Debug|Any CPU
		{8802A1E1-CFE7-4947-BB7A-7757BC1AAE07}.Debug|Any CPU.Build.0 = Debug|Any CPU
		{8802A1E1-CFE7-4947-BB7A-7757BC1AAE07}.Release|Any CPU.ActiveCfg = Release|Any CPU
		{8802A1E1-CFE7-4947-BB7A-7757BC1AAE07}.Release|Any CPU.Build.0 = Release|Any CPU
	EndGlobalSection
	GlobalSection(SolutionProperties) = preSolution
		HideSolutionNode = FALSE
	EndGlobalSection
EndGlobal
